
Microsoft Visual Studio Solution File, Format Version 12.00
# Visual Studio Version 16
VisualStudioVersion = 16.0.29613.14
MinimumVisualStudioVersion = 10.0.40219.1
Project("{FAE04EC0-301F-11D3-BF4B-00C04F79EFBC}") = "OpenAstroGuiding", "OpenAstroGuiding.csproj", "{0EF2D387-A16E-4C16-A386-44594AFF6A5F}"
EndProject
Global
	GlobalSection(SolutionConfigurationPlatforms) = preSolution
		Debug|Any CPU = Debug|Any CPU
		Release|Any CPU = Release|Any CPU
	EndGlobalSection
	GlobalSection(ProjectConfigurationPlatforms) = postSolution
		{0EF2D387-A16E-4C16-A386-44594AFF6A5F}.Debug|Any CPU.ActiveCfg = Debug|Any CPU
		{0EF2D387-A16E-4C16-A386-44594AFF6A5F}.Debug|Any CPU.Build.0 = Debug|Any CPU
		{0EF2D387-A16E-4C16-A386-44594AFF6A5F}.Release|Any CPU.ActiveCfg = Release|Any CPU
		{0EF2D387-A16E-4C16-A386-44594AFF6A5F}.Release|Any CPU.Build.0 = Release|Any CPU
	EndGlobalSection
	GlobalSection(SolutionProperties) = preSolution
		HideSolutionNode = FALSE
	EndGlobalSection
	GlobalSection(ExtensibilityGlobals) = postSolution
		SolutionGuid = {4D07DA97-4231-4199-BF52-5AC4AE8BCD1F}
	EndGlobalSection
EndGlobal
