
Microsoft Visual Studio Solution File, Format Version 12.00
# Visual Studio Version 16
VisualStudioVersion = 16.0.30011.22
MinimumVisualStudioVersion = 10.0.40219.1
Project("{FAE04EC0-301F-11D3-BF4B-00C04F79EFBC}") = "OATMobile.UWP", "OATMobile\OATMobile.UWP\OATMobile.UWP.csproj", "{89636B39-289D-4F04-A483-18FD7F3071C5}"
EndProject
Project("{FAE04EC0-301F-11D3-BF4B-00C04F79EFBC}") = "OATMobile.Android", "OATMobile\OATMobile.Android\OATMobile.Android.csproj", "{4862067E-DAA1-4A32-A7AE-01AD19ACDBA8}"
EndProject
Project("{FAE04EC0-301F-11D3-BF4B-00C04F79EFBC}") = "OATMobile.iOS", "OATMobile\OATMobile.iOS\OATMobile.iOS.csproj", "{7F86E3BE-D377-47D0-89D4-E065D621DFE1}"
EndProject
Project("{FAE04EC0-301F-11D3-BF4B-00C04F79EFBC}") = "OATMobile", "OATMobile\OATMobile\OATMobile.csproj", "{CB8FA896-491B-4C2E-9C78-9CD9739AB689}"
EndProject
Project("{FAE04EC0-301F-11D3-BF4B-00C04F79EFBC}") = "OATCommunications", "OATCommunications\OATCommunications.csproj", "{F071F4F0-433D-44D0-9C25-816711B6C6A6}"
EndProject
Global
	GlobalSection(SolutionConfigurationPlatforms) = preSolution
		Debug|Any CPU = Debug|Any CPU
		Debug|ARM = Debug|ARM
		Debug|iPhone = Debug|iPhone
		Debug|iPhoneSimulator = Debug|iPhoneSimulator
		Debug|x64 = Debug|x64
		Debug|x86 = Debug|x86
		Release|Any CPU = Release|Any CPU
		Release|ARM = Release|ARM
		Release|iPhone = Release|iPhone
		Release|iPhoneSimulator = Release|iPhoneSimulator
		Release|x64 = Release|x64
		Release|x86 = Release|x86
	EndGlobalSection
	GlobalSection(ProjectConfigurationPlatforms) = postSolution
		{89636B39-289D-4F04-A483-18FD7F3071C5}.Debug|Any CPU.ActiveCfg = Debug|x86
		{89636B39-289D-4F04-A483-18FD7F3071C5}.Debug|Any CPU.Build.0 = Debug|x86
		{89636B39-289D-4F04-A483-18FD7F3071C5}.Debug|Any CPU.Deploy.0 = Debug|x86
		{89636B39-289D-4F04-A483-18FD7F3071C5}.Debug|ARM.ActiveCfg = Debug|ARM
		{89636B39-289D-4F04-A483-18FD7F3071C5}.Debug|ARM.Build.0 = Debug|ARM
		{89636B39-289D-4F04-A483-18FD7F3071C5}.Debug|ARM.Deploy.0 = Debug|ARM
		{89636B39-289D-4F04-A483-18FD7F3071C5}.Debug|iPhone.ActiveCfg = Debug|x86
		{89636B39-289D-4F04-A483-18FD7F3071C5}.Debug|iPhone.Build.0 = Debug|x86
		{89636B39-289D-4F04-A483-18FD7F3071C5}.Debug|iPhone.Deploy.0 = Debug|x86
		{89636B39-289D-4F04-A483-18FD7F3071C5}.Debug|iPhoneSimulator.ActiveCfg = Debug|x86
		{89636B39-289D-4F04-A483-18FD7F3071C5}.Debug|iPhoneSimulator.Build.0 = Debug|x86
		{89636B39-289D-4F04-A483-18FD7F3071C5}.Debug|iPhoneSimulator.Deploy.0 = Debug|x86
		{89636B39-289D-4F04-A483-18FD7F3071C5}.Debug|x64.ActiveCfg = Debug|x64
		{89636B39-289D-4F04-A483-18FD7F3071C5}.Debug|x64.Build.0 = Debug|x64
		{89636B39-289D-4F04-A483-18FD7F3071C5}.Debug|x64.Deploy.0 = Debug|x64
		{89636B39-289D-4F04-A483-18FD7F3071C5}.Debug|x86.ActiveCfg = Debug|x86
		{89636B39-289D-4F04-A483-18FD7F3071C5}.Debug|x86.Build.0 = Debug|x86
		{89636B39-289D-4F04-A483-18FD7F3071C5}.Debug|x86.Deploy.0 = Debug|x86
		{89636B39-289D-4F04-A483-18FD7F3071C5}.Release|Any CPU.ActiveCfg = Release|x86
		{89636B39-289D-4F04-A483-18FD7F3071C5}.Release|Any CPU.Build.0 = Release|x86
		{89636B39-289D-4F04-A483-18FD7F3071C5}.Release|Any CPU.Deploy.0 = Release|x86
		{89636B39-289D-4F04-A483-18FD7F3071C5}.Release|ARM.ActiveCfg = Release|ARM
		{89636B39-289D-4F04-A483-18FD7F3071C5}.Release|ARM.Build.0 = Release|ARM
		{89636B39-289D-4F04-A483-18FD7F3071C5}.Release|ARM.Deploy.0 = Release|ARM
		{89636B39-289D-4F04-A483-18FD7F3071C5}.Release|iPhone.ActiveCfg = Release|x86
		{89636B39-289D-4F04-A483-18FD7F3071C5}.Release|iPhone.Build.0 = Release|x86
		{89636B39-289D-4F04-A483-18FD7F3071C5}.Release|iPhone.Deploy.0 = Release|x86
		{89636B39-289D-4F04-A483-18FD7F3071C5}.Release|iPhoneSimulator.ActiveCfg = Release|x86
		{89636B39-289D-4F04-A483-18FD7F3071C5}.Release|iPhoneSimulator.Build.0 = Release|x86
		{89636B39-289D-4F04-A483-18FD7F3071C5}.Release|iPhoneSimulator.Deploy.0 = Release|x86
		{89636B39-289D-4F04-A483-18FD7F3071C5}.Release|x64.ActiveCfg = Release|x64
		{89636B39-289D-4F04-A483-18FD7F3071C5}.Release|x64.Build.0 = Release|x64
		{89636B39-289D-4F04-A483-18FD7F3071C5}.Release|x64.Deploy.0 = Release|x64
		{89636B39-289D-4F04-A483-18FD7F3071C5}.Release|x86.ActiveCfg = Release|x86
		{89636B39-289D-4F04-A483-18FD7F3071C5}.Release|x86.Build.0 = Release|x86
		{89636B39-289D-4F04-A483-18FD7F3071C5}.Release|x86.Deploy.0 = Release|x86
		{4862067E-DAA1-4A32-A7AE-01AD19ACDBA8}.Debug|Any CPU.ActiveCfg = Debug|Any CPU
		{4862067E-DAA1-4A32-A7AE-01AD19ACDBA8}.Debug|Any CPU.Build.0 = Debug|Any CPU
		{4862067E-DAA1-4A32-A7AE-01AD19ACDBA8}.Debug|Any CPU.Deploy.0 = Debug|Any CPU
		{4862067E-DAA1-4A32-A7AE-01AD19ACDBA8}.Debug|ARM.ActiveCfg = Debug|Any CPU
		{4862067E-DAA1-4A32-A7AE-01AD19ACDBA8}.Debug|ARM.Build.0 = Debug|Any CPU
		{4862067E-DAA1-4A32-A7AE-01AD19ACDBA8}.Debug|ARM.Deploy.0 = Debug|Any CPU
		{4862067E-DAA1-4A32-A7AE-01AD19ACDBA8}.Debug|iPhone.ActiveCfg = Debug|Any CPU
		{4862067E-DAA1-4A32-A7AE-01AD19ACDBA8}.Debug|iPhone.Build.0 = Debug|Any CPU
		{4862067E-DAA1-4A32-A7AE-01AD19ACDBA8}.Debug|iPhone.Deploy.0 = Debug|Any CPU
		{4862067E-DAA1-4A32-A7AE-01AD19ACDBA8}.Debug|iPhoneSimulator.ActiveCfg = Debug|Any CPU
		{4862067E-DAA1-4A32-A7AE-01AD19ACDBA8}.Debug|iPhoneSimulator.Build.0 = Debug|Any CPU
		{4862067E-DAA1-4A32-A7AE-01AD19ACDBA8}.Debug|iPhoneSimulator.Deploy.0 = Debug|Any CPU
		{4862067E-DAA1-4A32-A7AE-01AD19ACDBA8}.Debug|x64.ActiveCfg = Debug|Any CPU
		{4862067E-DAA1-4A32-A7AE-01AD19ACDBA8}.Debug|x64.Build.0 = Debug|Any CPU
		{4862067E-DAA1-4A32-A7AE-01AD19ACDBA8}.Debug|x64.Deploy.0 = Debug|Any CPU
		{4862067E-DAA1-4A32-A7AE-01AD19ACDBA8}.Debug|x86.ActiveCfg = Debug|Any CPU
		{4862067E-DAA1-4A32-A7AE-01AD19ACDBA8}.Debug|x86.Build.0 = Debug|Any CPU
		{4862067E-DAA1-4A32-A7AE-01AD19ACDBA8}.Debug|x86.Deploy.0 = Debug|Any CPU
		{4862067E-DAA1-4A32-A7AE-01AD19ACDBA8}.Release|Any CPU.ActiveCfg = Release|Any CPU
		{4862067E-DAA1-4A32-A7AE-01AD19ACDBA8}.Release|Any CPU.Build.0 = Release|Any CPU
		{4862067E-DAA1-4A32-A7AE-01AD19ACDBA8}.Release|Any CPU.Deploy.0 = Release|Any CPU
		{4862067E-DAA1-4A32-A7AE-01AD19ACDBA8}.Release|ARM.ActiveCfg = Release|Any CPU
		{4862067E-DAA1-4A32-A7AE-01AD19ACDBA8}.Release|ARM.Build.0 = Release|Any CPU
		{4862067E-DAA1-4A32-A7AE-01AD19ACDBA8}.Release|ARM.Deploy.0 = Release|Any CPU
		{4862067E-DAA1-4A32-A7AE-01AD19ACDBA8}.Release|iPhone.ActiveCfg = Release|Any CPU
		{4862067E-DAA1-4A32-A7AE-01AD19ACDBA8}.Release|iPhone.Build.0 = Release|Any CPU
		{4862067E-DAA1-4A32-A7AE-01AD19ACDBA8}.Release|iPhone.Deploy.0 = Release|Any CPU
		{4862067E-DAA1-4A32-A7AE-01AD19ACDBA8}.Release|iPhoneSimulator.ActiveCfg = Release|Any CPU
		{4862067E-DAA1-4A32-A7AE-01AD19ACDBA8}.Release|iPhoneSimulator.Build.0 = Release|Any CPU
		{4862067E-DAA1-4A32-A7AE-01AD19ACDBA8}.Release|iPhoneSimulator.Deploy.0 = Release|Any CPU
		{4862067E-DAA1-4A32-A7AE-01AD19ACDBA8}.Release|x64.ActiveCfg = Release|Any CPU
		{4862067E-DAA1-4A32-A7AE-01AD19ACDBA8}.Release|x64.Build.0 = Release|Any CPU
		{4862067E-DAA1-4A32-A7AE-01AD19ACDBA8}.Release|x64.Deploy.0 = Release|Any CPU
		{4862067E-DAA1-4A32-A7AE-01AD19ACDBA8}.Release|x86.ActiveCfg = Release|Any CPU
		{4862067E-DAA1-4A32-A7AE-01AD19ACDBA8}.Release|x86.Build.0 = Release|Any CPU
		{4862067E-DAA1-4A32-A7AE-01AD19ACDBA8}.Release|x86.Deploy.0 = Release|Any CPU
		{7F86E3BE-D377-47D0-89D4-E065D621DFE1}.Debug|Any CPU.ActiveCfg = Debug|iPhone
		{7F86E3BE-D377-47D0-89D4-E065D621DFE1}.Debug|Any CPU.Build.0 = Debug|iPhone
		{7F86E3BE-D377-47D0-89D4-E065D621DFE1}.Debug|Any CPU.Deploy.0 = Debug|iPhone
		{7F86E3BE-D377-47D0-89D4-E065D621DFE1}.Debug|ARM.ActiveCfg = Debug|iPhone
		{7F86E3BE-D377-47D0-89D4-E065D621DFE1}.Debug|ARM.Build.0 = Debug|iPhone
		{7F86E3BE-D377-47D0-89D4-E065D621DFE1}.Debug|ARM.Deploy.0 = Debug|iPhone
		{7F86E3BE-D377-47D0-89D4-E065D621DFE1}.Debug|iPhone.ActiveCfg = Debug|iPhone
		{7F86E3BE-D377-47D0-89D4-E065D621DFE1}.Debug|iPhone.Build.0 = Debug|iPhone
		{7F86E3BE-D377-47D0-89D4-E065D621DFE1}.Debug|iPhone.Deploy.0 = Debug|iPhone
		{7F86E3BE-D377-47D0-89D4-E065D621DFE1}.Debug|iPhoneSimulator.ActiveCfg = Debug|iPhoneSimulator
		{7F86E3BE-D377-47D0-89D4-E065D621DFE1}.Debug|iPhoneSimulator.Build.0 = Debug|iPhoneSimulator
		{7F86E3BE-D377-47D0-89D4-E065D621DFE1}.Debug|iPhoneSimulator.Deploy.0 = Debug|iPhoneSimulator
		{7F86E3BE-D377-47D0-89D4-E065D621DFE1}.Debug|x64.ActiveCfg = Debug|iPhone
		{7F86E3BE-D377-47D0-89D4-E065D621DFE1}.Debug|x64.Build.0 = Debug|iPhone
		{7F86E3BE-D377-47D0-89D4-E065D621DFE1}.Debug|x64.Deploy.0 = Debug|iPhone
		{7F86E3BE-D377-47D0-89D4-E065D621DFE1}.Debug|x86.ActiveCfg = Debug|iPhone
		{7F86E3BE-D377-47D0-89D4-E065D621DFE1}.Debug|x86.Build.0 = Debug|iPhone
		{7F86E3BE-D377-47D0-89D4-E065D621DFE1}.Debug|x86.Deploy.0 = Debug|iPhone
		{7F86E3BE-D377-47D0-89D4-E065D621DFE1}.Release|Any CPU.ActiveCfg = Release|iPhone
		{7F86E3BE-D377-47D0-89D4-E065D621DFE1}.Release|Any CPU.Build.0 = Release|iPhone
		{7F86E3BE-D377-47D0-89D4-E065D621DFE1}.Release|Any CPU.Deploy.0 = Release|iPhone
		{7F86E3BE-D377-47D0-89D4-E065D621DFE1}.Release|ARM.ActiveCfg = Release|iPhone
		{7F86E3BE-D377-47D0-89D4-E065D621DFE1}.Release|ARM.Build.0 = Release|iPhone
		{7F86E3BE-D377-47D0-89D4-E065D621DFE1}.Release|ARM.Deploy.0 = Release|iPhone
		{7F86E3BE-D377-47D0-89D4-E065D621DFE1}.Release|iPhone.ActiveCfg = Release|iPhone
		{7F86E3BE-D377-47D0-89D4-E065D621DFE1}.Release|iPhone.Build.0 = Release|iPhone
		{7F86E3BE-D377-47D0-89D4-E065D621DFE1}.Release|iPhone.Deploy.0 = Release|iPhone
		{7F86E3BE-D377-47D0-89D4-E065D621DFE1}.Release|iPhoneSimulator.ActiveCfg = Release|iPhoneSimulator
		{7F86E3BE-D377-47D0-89D4-E065D621DFE1}.Release|iPhoneSimulator.Build.0 = Release|iPhoneSimulator
		{7F86E3BE-D377-47D0-89D4-E065D621DFE1}.Release|iPhoneSimulator.Deploy.0 = Release|iPhoneSimulator
		{7F86E3BE-D377-47D0-89D4-E065D621DFE1}.Release|x64.ActiveCfg = Release|iPhone
		{7F86E3BE-D377-47D0-89D4-E065D621DFE1}.Release|x64.Build.0 = Release|iPhone
		{7F86E3BE-D377-47D0-89D4-E065D621DFE1}.Release|x64.Deploy.0 = Release|iPhone
		{7F86E3BE-D377-47D0-89D4-E065D621DFE1}.Release|x86.ActiveCfg = Release|iPhone
		{7F86E3BE-D377-47D0-89D4-E065D621DFE1}.Release|x86.Build.0 = Release|iPhone
		{7F86E3BE-D377-47D0-89D4-E065D621DFE1}.Release|x86.Deploy.0 = Release|iPhone
		{CB8FA896-491B-4C2E-9C78-9CD9739AB689}.Debug|Any CPU.ActiveCfg = Debug|Any CPU
		{CB8FA896-491B-4C2E-9C78-9CD9739AB689}.Debug|Any CPU.Build.0 = Debug|Any CPU
		{CB8FA896-491B-4C2E-9C78-9CD9739AB689}.Debug|Any CPU.Deploy.0 = Debug|Any CPU
		{CB8FA896-491B-4C2E-9C78-9CD9739AB689}.Debug|ARM.ActiveCfg = Debug|Any CPU
		{CB8FA896-491B-4C2E-9C78-9CD9739AB689}.Debug|ARM.Build.0 = Debug|Any CPU
		{CB8FA896-491B-4C2E-9C78-9CD9739AB689}.Debug|ARM.Deploy.0 = Debug|Any CPU
		{CB8FA896-491B-4C2E-9C78-9CD9739AB689}.Debug|iPhone.ActiveCfg = Debug|Any CPU
		{CB8FA896-491B-4C2E-9C78-9CD9739AB689}.Debug|iPhone.Build.0 = Debug|Any CPU
		{CB8FA896-491B-4C2E-9C78-9CD9739AB689}.Debug|iPhone.Deploy.0 = Debug|Any CPU
		{CB8FA896-491B-4C2E-9C78-9CD9739AB689}.Debug|iPhoneSimulator.ActiveCfg = Debug|Any CPU
		{CB8FA896-491B-4C2E-9C78-9CD9739AB689}.Debug|iPhoneSimulator.Build.0 = Debug|Any CPU
		{CB8FA896-491B-4C2E-9C78-9CD9739AB689}.Debug|iPhoneSimulator.Deploy.0 = Debug|Any CPU
		{CB8FA896-491B-4C2E-9C78-9CD9739AB689}.Debug|x64.ActiveCfg = Debug|Any CPU
		{CB8FA896-491B-4C2E-9C78-9CD9739AB689}.Debug|x64.Build.0 = Debug|Any CPU
		{CB8FA896-491B-4C2E-9C78-9CD9739AB689}.Debug|x64.Deploy.0 = Debug|Any CPU
		{CB8FA896-491B-4C2E-9C78-9CD9739AB689}.Debug|x86.ActiveCfg = Debug|Any CPU
		{CB8FA896-491B-4C2E-9C78-9CD9739AB689}.Debug|x86.Build.0 = Debug|Any CPU
		{CB8FA896-491B-4C2E-9C78-9CD9739AB689}.Debug|x86.Deploy.0 = Debug|Any CPU
		{CB8FA896-491B-4C2E-9C78-9CD9739AB689}.Release|Any CPU.ActiveCfg = Release|Any CPU
		{CB8FA896-491B-4C2E-9C78-9CD9739AB689}.Release|Any CPU.Build.0 = Release|Any CPU
		{CB8FA896-491B-4C2E-9C78-9CD9739AB689}.Release|Any CPU.Deploy.0 = Release|Any CPU
		{CB8FA896-491B-4C2E-9C78-9CD9739AB689}.Release|ARM.ActiveCfg = Release|Any CPU
		{CB8FA896-491B-4C2E-9C78-9CD9739AB689}.Release|ARM.Build.0 = Release|Any CPU
		{CB8FA896-491B-4C2E-9C78-9CD9739AB689}.Release|ARM.Deploy.0 = Release|Any CPU
		{CB8FA896-491B-4C2E-9C78-9CD9739AB689}.Release|iPhone.ActiveCfg = Release|Any CPU
		{CB8FA896-491B-4C2E-9C78-9CD9739AB689}.Release|iPhone.Build.0 = Release|Any CPU
		{CB8FA896-491B-4C2E-9C78-9CD9739AB689}.Release|iPhone.Deploy.0 = Release|Any CPU
		{CB8FA896-491B-4C2E-9C78-9CD9739AB689}.Release|iPhoneSimulator.ActiveCfg = Release|Any CPU
		{CB8FA896-491B-4C2E-9C78-9CD9739AB689}.Release|iPhoneSimulator.Build.0 = Release|Any CPU
		{CB8FA896-491B-4C2E-9C78-9CD9739AB689}.Release|iPhoneSimulator.Deploy.0 = Release|Any CPU
		{CB8FA896-491B-4C2E-9C78-9CD9739AB689}.Release|x64.ActiveCfg = Release|Any CPU
		{CB8FA896-491B-4C2E-9C78-9CD9739AB689}.Release|x64.Build.0 = Release|Any CPU
		{CB8FA896-491B-4C2E-9C78-9CD9739AB689}.Release|x64.Deploy.0 = Release|Any CPU
		{CB8FA896-491B-4C2E-9C78-9CD9739AB689}.Release|x86.ActiveCfg = Release|Any CPU
		{CB8FA896-491B-4C2E-9C78-9CD9739AB689}.Release|x86.Build.0 = Release|Any CPU
		{CB8FA896-491B-4C2E-9C78-9CD9739AB689}.Release|x86.Deploy.0 = Release|Any CPU
		{F071F4F0-433D-44D0-9C25-816711B6C6A6}.Debug|Any CPU.ActiveCfg = Debug|Any CPU
		{F071F4F0-433D-44D0-9C25-816711B6C6A6}.Debug|Any CPU.Build.0 = Debug|Any CPU
		{F071F4F0-433D-44D0-9C25-816711B6C6A6}.Debug|ARM.ActiveCfg = Debug|Any CPU
		{F071F4F0-433D-44D0-9C25-816711B6C6A6}.Debug|ARM.Build.0 = Debug|Any CPU
		{F071F4F0-433D-44D0-9C25-816711B6C6A6}.Debug|iPhone.ActiveCfg = Debug|Any CPU
		{F071F4F0-433D-44D0-9C25-816711B6C6A6}.Debug|iPhone.Build.0 = Debug|Any CPU
		{F071F4F0-433D-44D0-9C25-816711B6C6A6}.Debug|iPhoneSimulator.ActiveCfg = Debug|Any CPU
		{F071F4F0-433D-44D0-9C25-816711B6C6A6}.Debug|iPhoneSimulator.Build.0 = Debug|Any CPU
		{F071F4F0-433D-44D0-9C25-816711B6C6A6}.Debug|x64.ActiveCfg = Debug|Any CPU
		{F071F4F0-433D-44D0-9C25-816711B6C6A6}.Debug|x64.Build.0 = Debug|Any CPU
		{F071F4F0-433D-44D0-9C25-816711B6C6A6}.Debug|x86.ActiveCfg = Debug|Any CPU
		{F071F4F0-433D-44D0-9C25-816711B6C6A6}.Debug|x86.Build.0 = Debug|Any CPU
		{F071F4F0-433D-44D0-9C25-816711B6C6A6}.Release|Any CPU.ActiveCfg = Release|Any CPU
		{F071F4F0-433D-44D0-9C25-816711B6C6A6}.Release|Any CPU.Build.0 = Release|Any CPU
		{F071F4F0-433D-44D0-9C25-816711B6C6A6}.Release|ARM.ActiveCfg = Release|Any CPU
		{F071F4F0-433D-44D0-9C25-816711B6C6A6}.Release|ARM.Build.0 = Release|Any CPU
		{F071F4F0-433D-44D0-9C25-816711B6C6A6}.Release|iPhone.ActiveCfg = Release|Any CPU
		{F071F4F0-433D-44D0-9C25-816711B6C6A6}.Release|iPhone.Build.0 = Release|Any CPU
		{F071F4F0-433D-44D0-9C25-816711B6C6A6}.Release|iPhoneSimulator.ActiveCfg = Release|Any CPU
		{F071F4F0-433D-44D0-9C25-816711B6C6A6}.Release|iPhoneSimulator.Build.0 = Release|Any CPU
		{F071F4F0-433D-44D0-9C25-816711B6C6A6}.Release|x64.ActiveCfg = Release|Any CPU
		{F071F4F0-433D-44D0-9C25-816711B6C6A6}.Release|x64.Build.0 = Release|Any CPU
		{F071F4F0-433D-44D0-9C25-816711B6C6A6}.Release|x86.ActiveCfg = Release|Any CPU
		{F071F4F0-433D-44D0-9C25-816711B6C6A6}.Release|x86.Build.0 = Release|Any CPU
	EndGlobalSection
	GlobalSection(SolutionProperties) = preSolution
		HideSolutionNode = FALSE
	EndGlobalSection
	GlobalSection(ExtensibilityGlobals) = postSolution
		SolutionGuid = {F30C6251-EAAD-4D73-8BD1-779084A3771A}
	EndGlobalSection
EndGlobal
